
Microsoft Visual Studio Solution File, Format Version 12.00
Project("{FAE04EC0-301F-11D3-BF4B-00C04F79EFBC}") = "Strategy", "Strategy.csproj", "{216A3E8E-2A94-4B96-A0AF-12AC7298AA9B}"
EndProject
Global
	GlobalSection(SolutionConfigurationPlatforms) = preSolution
		Debug|Any CPU = Debug|Any CPU
		Release|Any CPU = Release|Any CPU
	EndGlobalSection
	GlobalSection(ProjectConfigurationPlatforms) = postSolution
		{216A3E8E-2A94-4B96-A0AF-12AC7298AA9B}.Debug|Any CPU.ActiveCfg = Debug|Any CPU
		{216A3E8E-2A94-4B96-A0AF-12AC7298AA9B}.Debug|Any CPU.Build.0 = Debug|Any CPU
		{216A3E8E-2A94-4B96-A0AF-12AC7298AA9B}.Release|Any CPU.ActiveCfg = Release|Any CPU
		{216A3E8E-2A94-4B96-A0AF-12AC7298AA9B}.Release|Any CPU.Build.0 = Release|Any CPU
	EndGlobalSection
EndGlobal
